<?xml version="1.0" encoding="UTF-8" standalone="yes" ?>
<CodeBlocks_project_file>
	<FileVersion major="1" minor="6" />
	<Project>
		<Option title="Spiraloid2" />
		<Option pch_mode="2" />
		<Option compiler="gcc" />
		<Build>
			<Target title="Debug">
				<Option output="Spiraloid2D" prefix_auto="1" extension_auto="1" />
				<Option working_dir="./" />
				<Option object_output="obj/Debug/" />
				<Option type="1" />
				<Option compiler="gcc" />
				<Compiler>
					<Add option="-g" />
					<Add option="-DDEBUG" />
				</Compiler>
				<Linker>
					<Add option="-lEagleA5DebugShared.dll" />
					<Add option="-lEagleDebugShared.dll" />
					<Add option="-lallegro_monolith-debug.dll" />
				</Linker>
			</Target>
			<Target title="Release">
				<Option output="Spiraloid2" prefix_auto="1" extension_auto="1" />
				<Option working_dir="./" />
				<Option object_output="obj/Release/" />
				<Option type="1" />
				<Option compiler="gcc" />
				<Compiler>
					<Add option="-O2" />
				</Compiler>
				<Linker>
					<Add option="-lEagleA5.dll" />
					<Add option="-lEagle.dll" />
					<Add option="-lallegro_monolith.dll" />
				</Linker>
			</Target>
			<Target title="StaticDebug">
				<Option output="Spiraloid2DS" prefix_auto="1" extension_auto="1" />
				<Option working_dir="./" />
				<Option object_output="obj/Debug/" />
				<Option type="1" />
				<Option compiler="gcc" />
				<Compiler>
					<Add option="-g" />
					<Add option="-DDEBUG" />
				</Compiler>
				<Linker>
					<Add option="-lEagleA5Debug" />
					<Add option="-lEagleDebug" />
					<Add option="-lallegro_monolith-static" />
					<Add option="-ldumb" />
					<Add option="-lphysfs" />
					<Add option="-lOpenAL32" />
					<Add option="-lwebp" />
					<Add option="-lFLAC" />
					<Add option="-lvorbisfile" />
					<Add option="-lvorbis" />
					<Add option="-lfreetype" />
					<Add option="-logg" />
					<Add option="-lpng16" />
					<Add option="-lzlibstatic" />
					<Add option="-lgdiplus" />
					<Add option="-luuid" />
					<Add option="-lkernel32" />
					<Add option="-lwinmm" />
					<Add option="-lpsapi" />
					<Add option="-lopengl32" />
					<Add option="-lglu32" />
					<Add option="-luser32" />
					<Add option="-lcomdlg32" />
					<Add option="-lgdi32" />
					<Add option="-lshell32" />
					<Add option="-lole32" />
					<Add option="-ladvapi32" />
					<Add option="-lws2_32" />
					<Add option="-lshlwapi" />
					<Add option="-lpthread" />
					<Add option="-static-libstdc++" />
					<Add option="-static-libgcc" />
				</Linker>
			</Target>
			<Target title="StaticRelease">
				<Option output="Spiraloid2S" prefix_auto="1" extension_auto="1" />
				<Option working_dir="./" />
				<Option object_output="obj/Release/" />
				<Option type="1" />
				<Option compiler="gcc" />
				<Compiler>
					<Add option="-O2" />
				</Compiler>
				<Linker>
					<Add option="-lEagleA5" />
					<Add option="-lEagle" />
					<Add option="-lallegro_monolith-static" />
					<Add option="-ldumb" />
					<Add option="-lphysfs" />
					<Add option="-lOpenAL32" />
					<Add option="-lwebp" />
					<Add option="-lFLAC" />
					<Add option="-lvorbisfile" />
					<Add option="-lvorbis" />
					<Add option="-lfreetype" />
					<Add option="-logg" />
					<Add option="-lpng16" />
					<Add option="-lzlibstatic" />
					<Add option="-lgdiplus" />
					<Add option="-luuid" />
					<Add option="-lkernel32" />
					<Add option="-lwinmm" />
					<Add option="-lpsapi" />
					<Add option="-lopengl32" />
					<Add option="-lglu32" />
					<Add option="-luser32" />
					<Add option="-lcomdlg32" />
					<Add option="-lgdi32" />
					<Add option="-lshell32" />
					<Add option="-lole32" />
					<Add option="-ladvapi32" />
					<Add option="-lws2_32" />
					<Add option="-lshlwapi" />
					<Add option="-lpthread" />
					<Add option="-static-libstdc++" />
					<Add option="-static-libgcc" />
					<Add option="-s" />
				</Linker>
			</Target>
		</Build>
		<VirtualTargets>
			<Add alias="All" targets="Debug;Release;StaticDebug;StaticRelease;" />
			<Add alias="Dynamic" targets="Debug;Release;" />
			<Add alias="Static" targets="StaticDebug;StaticRelease;" />
		</VirtualTargets>
		<Compiler>
			<Add option="-Wall" />
			<Add directory="E:/usr64/include" />
		</Compiler>
		<Linker>
			<Add directory="E:/usr64/lib" />
		</Linker>
		<Unit filename="src/Array.hpp" />
		<Unit filename="src/ArrayImplementation.cpp" />
		<Unit filename="src/Colors.cpp" />
		<Unit filename="src/Colors.hpp" />
		<Unit filename="src/Display.cpp.old" />
		<Unit filename="src/Display.hpp.old" />
		<Unit filename="src/Equations.cpp" />
		<Unit filename="src/Equations.hpp" />
		<Unit filename="src/Inline.hpp" />
		<Unit filename="src/KeyTestMain.cpp">
			<Option link="0" />
		</Unit>
		<Unit filename="src/Monitors.cpp" />
		<Unit filename="src/Monitors.hpp" />
		<Unit filename="src/NewDisplay.cpp" />
		<Unit filename="src/NewDisplay.hpp" />
		<Unit filename="src/NewMain.cpp" />
		<Unit filename="src/NewProgram.cpp" />
		<Unit filename="src/NewProgram.hpp" />
		<Unit filename="src/PlotData.hpp" />
		<Unit filename="src/Position.hpp.old" />
		<Unit filename="src/Program.cpp.old" />
		<Unit filename="src/Program.hpp.old" />
		<Unit filename="src/ProgramScreen.cpp" />
		<Unit filename="src/ProgramScreen.hpp" />
		<Unit filename="src/RefreshRate.hpp" />
		<Unit filename="src/ResizeTestMain.cpp">
			<Option link="0" />
		</Unit>
		<Unit filename="src/SignalHandling.cpp.old" />
		<Unit filename="src/SignalHandling.hpp.old" />
		<Unit filename="src/SpiraloidConfig.cpp" />
		<Unit filename="src/SpiraloidConfig.hpp" />
		<Unit filename="src/SpiraloidController.cpp" />
		<Unit filename="src/SpiraloidController.hpp" />
		<Unit filename="src/SpiraloidMain.cpp.old" />
		<Unit filename="src/SpiraloidScreen.cpp" />
		<Unit filename="src/SpiraloidScreen.hpp" />
		<Unit filename="src/Spirals.cpp" />
		<Unit filename="src/Spirals.hpp" />
		<Unit filename="src/Values.cpp" />
		<Unit filename="src/Values.hpp" />
		<Extensions />
	</Project>
</CodeBlocks_project_file>
