<?xml version="1.0" encoding="UTF-8" standalone="yes" ?>
<CodeBlocks_project_file>
	<FileVersion major="1" minor="6" />
	<Project>
		<Option title="Spiraloid2" />
		<Option pch_mode="2" />
		<Option compiler="gcc" />
		<Build>
			<Target title="Debug">
				<Option output="Spiraloid2debug" prefix_auto="1" extension_auto="1" />
				<Option object_output="obj/Debug/" />
				<Option type="1" />
				<Option compiler="gcc" />
				<Compiler>
					<Add option="-g" />
					<Add option="-DDEBUG" />
				</Compiler>
				<Linker>
					<Add option="-leagle_debug.dll" />
					<Add option="-leagle_a5_debug.dll" />
					<Add option="-lallegro_monolith-debug.dll" />
				</Linker>
			</Target>
			<Target title="Release">
				<Option output="Spiraloid2" prefix_auto="1" extension_auto="1" />
				<Option object_output="obj/Release/" />
				<Option type="1" />
				<Option compiler="gcc" />
				<Compiler>
					<Add option="-O2" />
				</Compiler>
				<Linker>
					<Add option="-s" />
					<Add option="-leagle.dll" />
					<Add option="-leagle_a5.dll" />
					<Add option="-lallegro_monolith.dll" />
				</Linker>
			</Target>
			<Target title="StaticDebug">
				<Option output="Spiraloid2debugstatic" prefix_auto="1" extension_auto="1" />
				<Option object_output="obj/Debug/" />
				<Option type="1" />
				<Option compiler="gcc" />
				<Compiler>
					<Add option="-g" />
					<Add option="-DDEBUG" />
				</Compiler>
				<Linker>
					<Add option="-leagle_debug-static" />
					<Add option="-leagle_a5_debug-static" />
					<Add option="-lallegro_monolith-static" />
					<Add option="-ldumb" />
					<Add option="-lFLAC" />
					<Add option="-lvorbisfile" />
					<Add option="-lvorbis" />
					<Add option="-lfreetype" />
					<Add option="-logg" />
					<Add option="-lpng16" />
					<Add option="-lzlibstatic" />
					<Add option="-lgdiplus" />
					<Add option="-luuid" />
					<Add option="-lkernel32" />
					<Add option="-lwinmm" />
					<Add option="-lpsapi" />
					<Add option="-lopengl32" />
					<Add option="-lglu32" />
					<Add option="-luser32" />
					<Add option="-lcomdlg32" />
					<Add option="-lgdi32" />
					<Add option="-lshell32" />
					<Add option="-lole32" />
					<Add option="-ladvapi32" />
					<Add option="-lws2_32" />
					<Add option="-lshlwapi" />
				</Linker>
			</Target>
			<Target title="StaticRelease">
				<Option output="Spiraloid2static" prefix_auto="1" extension_auto="1" />
				<Option object_output="obj/Release/" />
				<Option type="1" />
				<Option compiler="gcc" />
				<Compiler>
					<Add option="-O2" />
				</Compiler>
				<Linker>
					<Add option="-s" />
					<Add option="-leagle-static" />
					<Add option="-leagle_a5-static" />
					<Add option="-lallegro_monolith-static" />
					<Add option="-ldumb" />
					<Add option="-lFLAC" />
					<Add option="-lvorbisfile" />
					<Add option="-lvorbis" />
					<Add option="-lfreetype" />
					<Add option="-logg" />
					<Add option="-lpng16" />
					<Add option="-lzlibstatic" />
					<Add option="-lgdiplus" />
					<Add option="-luuid" />
					<Add option="-lkernel32" />
					<Add option="-lwinmm" />
					<Add option="-lpsapi" />
					<Add option="-lopengl32" />
					<Add option="-lglu32" />
					<Add option="-luser32" />
					<Add option="-lcomdlg32" />
					<Add option="-lgdi32" />
					<Add option="-lshell32" />
					<Add option="-lole32" />
					<Add option="-ladvapi32" />
					<Add option="-lws2_32" />
					<Add option="-lshlwapi" />
				</Linker>
			</Target>
		</Build>
		<VirtualTargets>
			<Add alias="All" targets="Debug;Release;StaticDebug;StaticRelease;" />
			<Add alias="Dynamic" targets="Debug;Release;" />
			<Add alias="Static" targets="StaticDebug;StaticRelease;" />
		</VirtualTargets>
		<Compiler>
			<Add option="-Wall" />
			<Add directory="C:/LIBS/A5113distro/include" />
			<Add directory="C:/ctwoplus/progcode/Eagle5GUI_GIT_BitBucket/include" />
		</Compiler>
		<Linker>
			<Add directory="C:/LIBS/A5113distro/lib" />
			<Add directory="C:/ctwoplus/progcode/Eagle5GUI_GIT_BitBucket/cbbuild/lib" />
		</Linker>
		<Unit filename="Array.hpp" />
		<Unit filename="ArrayImplementation.cpp" />
		<Unit filename="Colors.cpp" />
		<Unit filename="Colors.hpp" />
		<Unit filename="Display.cpp" />
		<Unit filename="Display.hpp" />
		<Unit filename="Equations.cpp" />
		<Unit filename="Equations.hpp" />
		<Unit filename="Inline.hpp" />
		<Unit filename="KeyTestMain.cpp">
			<Option link="0" />
		</Unit>
		<Unit filename="PlotData.cpp" />
		<Unit filename="PlotData.hpp" />
		<Unit filename="Position.hpp" />
		<Unit filename="ResizeTestMain.cpp">
			<Option link="0" />
		</Unit>
		<Unit filename="SignalHandling.cpp" />
		<Unit filename="SignalHandling.hpp" />
		<Unit filename="SpiraloidMain.cpp" />
		<Unit filename="Spirals.cpp" />
		<Unit filename="Spirals.hpp" />
		<Unit filename="TODO.txt" />
		<Unit filename="Values.cpp" />
		<Unit filename="Values.hpp" />
		<Extensions>
			<code_completion />
			<envvars />
			<debugger />
		</Extensions>
	</Project>
</CodeBlocks_project_file>
